// !$*UTF8*$!
{
	archiveVersion = 1;
	classes = {
	};
	objectVersion = 56;
	objects = {

/* Begin PBXBuildFile section */
		18A3B77B2B67C6C900BEC7F5 /* AppDelegate.m in Sources */ = {isa = PBXBuildFile; fileRef = 18A3B77A2B67C6C900BEC7F5 /* AppDelegate.m */; };
		18A3B77E2B67C6C900BEC7F5 /* SceneDelegate.m in Sources */ = {isa = PBXBuildFile; fileRef = 18A3B77D2B67C6C900BEC7F5 /* SceneDelegate.m */; };
		18A3B7812B67C6C900BEC7F5 /* ViewController.m in Sources */ = {isa = PBXBuildFile; fileRef = 18A3B7802B67C6C900BEC7F5 /* ViewController.m */; };
		18A3B7842B67C6C900BEC7F5 /* Main.storyboard in Resources */ = {isa = PBXBuildFile; fileRef = 18A3B7822B67C6C900BEC7F5 /* Main.storyboard */; };
		18A3B7862B67C6CB00BEC7F5 /* Assets.xcassets in Resources */ = {isa = PBXBuildFile; fileRef = 18A3B7852B67C6CB00BEC7F5 /* Assets.xcassets */; };
		18A3B7892B67C6CB00BEC7F5 /* LaunchScreen.storyboard in Resources */ = {isa = PBXBuildFile; fileRef = 18A3B7872B67C6CB00BEC7F5 /* LaunchScreen.storyboard */; };
		18A3B78C2B67C6CB00BEC7F5 /* main.m in Sources */ = {isa = PBXBuildFile; fileRef = 18A3B78B2B67C6CB00BEC7F5 /* main.m */; };
		18A3B7962B67C6CC00BEC7F5 /* JiangTestTests.m in Sources */ = {isa = PBXBuildFile; fileRef = 18A3B7952B67C6CC00BEC7F5 /* JiangTestTests.m */; };
		18A3B7A02B67C6CC00BEC7F5 /* JiangTestUITests.m in Sources */ = {isa = PBXBuildFile; fileRef = 18A3B79F2B67C6CC00BEC7F5 /* JiangTestUITests.m */; };
		18A3B7A22B67C6CC00BEC7F5 /* JiangTestUITestsLaunchTests.m in Sources */ = {isa = PBXBuildFile; fileRef = 18A3B7A12B67C6CC00BEC7F5 /* JiangTestUITestsLaunchTests.m */; };
/* End PBXBuildFile section */

/* Begin PBXContainerItemProxy section */
		18A3B7922B67C6CC00BEC7F5 /* PBXContainerItemProxy */ = {
			isa = PBXContainerItemProxy;
			containerPortal = 18A3B76E2B67C6C900BEC7F5 /* Project object */;
			proxyType = 1;
			remoteGlobalIDString = 18A3B7752B67C6C900BEC7F5;
			remoteInfo = JiangTest;
		};
		18A3B79C2B67C6CC00BEC7F5 /* PBXContainerItemProxy */ = {
			isa = PBXContainerItemProxy;
			containerPortal = 18A3B76E2B67C6C900BEC7F5 /* Project object */;
			proxyType = 1;
			remoteGlobalIDString = 18A3B7752B67C6C900BEC7F5;
			remoteInfo = JiangTest;
		};
/* End PBXContainerItemProxy section */

/* Begin PBXFileReference section */
		18A3B7762B67C6C900BEC7F5 /* JiangTest.app */ = {isa = PBXFileReference; explicitFileType = wrapper.application; includeInIndex = 0; path = JiangTest.app; sourceTree = BUILT_PRODUCTS_DIR; };
		18A3B7792B67C6C900BEC7F5 /* AppDelegate.h */ = {isa = PBXFileReference; lastKnownFileType = sourcecode.c.h; path = AppDelegate.h; sourceTree = "<group>"; };
		18A3B77A2B67C6C900BEC7F5 /* AppDelegate.m */ = {isa = PBXFileReference; lastKnownFileType = sourcecode.c.objc; path = AppDelegate.m; sourceTree = "<group>"; };
		18A3B77C2B67C6C900BEC7F5 /* SceneDelegate.h */ = {isa = PBXFileReference; lastKnownFileType = sourcecode.c.h; path = SceneDelegate.h; sourceTree = "<group>"; };
		18A3B77D2B67C6C900BEC7F5 /* SceneDelegate.m */ = {isa = PBXFileReference; lastKnownFileType = sourcecode.c.objc; path = SceneDelegate.m; sourceTree = "<group>"; };
		18A3B77F2B67C6C900BEC7F5 /* ViewController.h */ = {isa = PBXFileReference; lastKnownFileType = sourcecode.c.h; path = ViewController.h; sourceTree = "<group>"; };
		18A3B7802B67C6C900BEC7F5 /* ViewController.m */ = {isa = PBXFileReference; lastKnownFileType = sourcecode.c.objc; path = ViewController.m; sourceTree = "<group>"; };
		18A3B7832B67C6C900BEC7F5 /* Base */ = {isa = PBXFileReference; lastKnownFileType = file.storyboard; name = Base; path = Base.lproj/Main.storyboard; sourceTree = "<group>"; };
		18A3B7852B67C6CB00BEC7F5 /* Assets.xcassets */ = {isa = PBXFileReference; lastKnownFileType = folder.assetcatalog; path = Assets.xcassets; sourceTree = "<group>"; };
		18A3B7882B67C6CB00BEC7F5 /* Base */ = {isa = PBXFileReference; lastKnownFileType = file.storyboard; name = Base; path = Base.lproj/LaunchScreen.storyboard; sourceTree = "<group>"; };
		18A3B78A2B67C6CB00BEC7F5 /* Info.plist */ = {isa = PBXFileReference; lastKnownFileType = text.plist.xml; path = Info.plist; sourceTree = "<group>"; };
		18A3B78B2B67C6CB00BEC7F5 /* main.m */ = {isa = PBXFileReference; lastKnownFileType = sourcecode.c.objc; path = main.m; sourceTree = "<group>"; };
		18A3B7912B67C6CC00BEC7F5 /* JiangTestTests.xctest */ = {isa = PBXFileReference; explicitFileType = wrapper.cfbundle; includeInIndex = 0; path = JiangTestTests.xctest; sourceTree = BUILT_PRODUCTS_DIR; };
		18A3B7952B67C6CC00BEC7F5 /* JiangTestTests.m */ = {isa = PBXFileReference; lastKnownFileType = sourcecode.c.objc; path = JiangTestTests.m; sourceTree = "<group>"; };
		18A3B79B2B67C6CC00BEC7F5 /* JiangTestUITests.xctest */ = {isa = PBXFileReference; explicitFileType = wrapper.cfbundle; includeInIndex = 0; path = JiangTestUITests.xctest; sourceTree = BUILT_PRODUCTS_DIR; };
		18A3B79F2B67C6CC00BEC7F5 /* JiangTestUITests.m */ = {isa = PBXFileReference; lastKnownFileType = sourcecode.c.objc; path = JiangTestUITests.m; sourceTree = "<group>"; };
		18A3B7A12B67C6CC00BEC7F5 /* JiangTestUITestsLaunchTests.m */ = {isa = PBXFileReference; lastKnownFileType = sourcecode.c.objc; path = JiangTestUITestsLaunchTests.m; sourceTree = "<group>"; };
/* End PBXFileReference section */

/* Begin PBXFrameworksBuildPhase section */
		18A3B7732B67C6C900BEC7F5 /* Frameworks */ = {
			isa = PBXFrameworksBuildPhase;
			buildActionMask = 2147483647;
			files = (
			);
			runOnlyForDeploymentPostprocessing = 0;
		};
		18A3B78E2B67C6CC00BEC7F5 /* Frameworks */ = {
			isa = PBXFrameworksBuildPhase;
			buildActionMask = 2147483647;
			files = (
			);
			runOnlyForDeploymentPostprocessing = 0;
		};
		18A3B7982B67C6CC00BEC7F5 /* Frameworks */ = {
			isa = PBXFrameworksBuildPhase;
			buildActionMask = 2147483647;
			files = (
			);
			runOnlyForDeploymentPostprocessing = 0;
		};
/* End PBXFrameworksBuildPhase section */

/* Begin PBXGroup section */
		18A3B76D2B67C6C900BEC7F5 = {
			isa = PBXGroup;
			children = (
				18A3B7782B67C6C900BEC7F5 /* JiangTest */,
				18A3B7942B67C6CC00BEC7F5 /* JiangTestTests */,
				18A3B79E2B67C6CC00BEC7F5 /* JiangTestUITests */,
				18A3B7772B67C6C900BEC7F5 /* Products */,
			);
			sourceTree = "<group>";
		};
		18A3B7772B67C6C900BEC7F5 /* Products */ = {
			isa = PBXGroup;
			children = (
				18A3B7762B67C6C900BEC7F5 /* JiangTest.app */,
				18A3B7912B67C6CC00BEC7F5 /* JiangTestTests.xctest */,
				18A3B79B2B67C6CC00BEC7F5 /* JiangTestUITests.xctest */,
			);
			name = Products;
			sourceTree = "<group>";
		};
		18A3B7782B67C6C900BEC7F5 /* JiangTest */ = {
			isa = PBXGroup;
			children = (
				18A3B7792B67C6C900BEC7F5 /* AppDelegate.h */,
				18A3B77A2B67C6C900BEC7F5 /* AppDelegate.m */,
				18A3B77C2B67C6C900BEC7F5 /* SceneDelegate.h */,
				18A3B77D2B67C6C900BEC7F5 /* SceneDelegate.m */,
				18A3B77F2B67C6C900BEC7F5 /* ViewController.h */,
				18A3B7802B67C6C900BEC7F5 /* ViewController.m */,
				18A3B7822B67C6C900BEC7F5 /* Main.storyboard */,
				18A3B7852B67C6CB00BEC7F5 /* Assets.xcassets */,
				18A3B7872B67C6CB00BEC7F5 /* LaunchScreen.storyboard */,
				18A3B78A2B67C6CB00BEC7F5 /* Info.plist */,
				18A3B78B2B67C6CB00BEC7F5 /* main.m */,
			);
			path = JiangTest;
			sourceTree = "<group>";
		};
		18A3B7942B67C6CC00BEC7F5 /* JiangTestTests */ = {
			isa = PBXGroup;
			children = (
				18A3B7952B67C6CC00BEC7F5 /* JiangTestTests.m */,
			);
			path = JiangTestTests;
			sourceTree = "<group>";
		};
		18A3B79E2B67C6CC00BEC7F5 /* JiangTestUITests */ = {
			isa = PBXGroup;
			children = (
				18A3B79F2B67C6CC00BEC7F5 /* JiangTestUITests.m */,
				18A3B7A12B67C6CC00BEC7F5 /* JiangTestUITestsLaunchTests.m */,
			);
			path = JiangTestUITests;
			sourceTree = "<group>";
		};
/* End PBXGroup section */

/* Begin PBXNativeTarget section */
		18A3B7752B67C6C900BEC7F5 /* JiangTest */ = {
			isa = PBXNativeTarget;
			buildConfigurationList = 18A3B7A52B67C6CC00BEC7F5 /* Build configuration list for PBXNativeTarget "JiangTest" */;
			buildPhases = (
				18A3B7722B67C6C900BEC7F5 /* Sources */,
				18A3B7732B67C6C900BEC7F5 /* Frameworks */,
				18A3B7742B67C6C900BEC7F5 /* Resources */,
			);
			buildRules = (
			);
			dependencies = (
			);
			name = JiangTest;
			productName = JiangTest;
			productReference = 18A3B7762B67C6C900BEC7F5 /* JiangTest.app */;
			productType = "com.apple.product-type.application";
		};
		18A3B7902B67C6CC00BEC7F5 /* JiangTestTests */ = {
			isa = PBXNativeTarget;
			buildConfigurationList = 18A3B7A82B67C6CC00BEC7F5 /* Build configuration list for PBXNativeTarget "JiangTestTests" */;
			buildPhases = (
				18A3B78D2B67C6CC00BEC7F5 /* Sources */,
				18A3B78E2B67C6CC00BEC7F5 /* Frameworks */,
				18A3B78F2B67C6CC00BEC7F5 /* Resources */,
			);
			buildRules = (
			);
			dependencies = (
				18A3B7932B67C6CC00BEC7F5 /* PBXTargetDependency */,
			);
			name = JiangTestTests;
			productName = JiangTestTests;
			productReference = 18A3B7912B67C6CC00BEC7F5 /* JiangTestTests.xctest */;
			productType = "com.apple.product-type.bundle.unit-test";
		};
		18A3B79A2B67C6CC00BEC7F5 /* JiangTestUITests */ = {
			isa = PBXNativeTarget;
			buildConfigurationList = 18A3B7AB2B67C6CC00BEC7F5 /* Build configuration list for PBXNativeTarget "JiangTestUITests" */;
			buildPhases = (
				18A3B7972B67C6CC00BEC7F5 /* Sources */,
				18A3B7982B67C6CC00BEC7F5 /* Frameworks */,
				18A3B7992B67C6CC00BEC7F5 /* Resources */,
			);
			buildRules = (
			);
			dependencies = (
				18A3B79D2B67C6CC00BEC7F5 /* PBXTargetDependency */,
			);
			name = JiangTestUITests;
			productName = JiangTestUITests;
			productReference = 18A3B79B2B67C6CC00BEC7F5 /* JiangTestUITests.xctest */;
			productType = "com.apple.product-type.bundle.ui-testing";
		};
/* End PBXNativeTarget section */

/* Begin PBXProject section */
		18A3B76E2B67C6C900BEC7F5 /* Project object */ = {
			isa = PBXProject;
			attributes = {
				BuildIndependentTargetsInParallel = 1;
				LastUpgradeCheck = 1520;
				TargetAttributes = {
					18A3B7752B67C6C900BEC7F5 = {
						CreatedOnToolsVersion = 15.2;
					};
					18A3B7902B67C6CC00BEC7F5 = {
						CreatedOnToolsVersion = 15.2;
						TestTargetID = 18A3B7752B67C6C900BEC7F5;
					};
					18A3B79A2B67C6CC00BEC7F5 = {
						CreatedOnToolsVersion = 15.2;
						TestTargetID = 18A3B7752B67C6C900BEC7F5;
					};
				};
			};
			buildConfigurationList = 18A3B7712B67C6C900BEC7F5 /* Build configuration list for PBXProject "JiangTest" */;
			compatibilityVersion = "Xcode 14.0";
			developmentRegion = en;
			hasScannedForEncodings = 0;
			knownRegions = (
				en,
				Base,
			);
			mainGroup = 18A3B76D2B67C6C900BEC7F5;
			productRefGroup = 18A3B7772B67C6C900BEC7F5 /* Products */;
			projectDirPath = "";
			projectRoot = "";
			targets = (
				18A3B7752B67C6C900BEC7F5 /* JiangTest */,
				18A3B7902B67C6CC00BEC7F5 /* JiangTestTests */,
				18A3B79A2B67C6CC00BEC7F5 /* JiangTestUITests */,
			);
		};
/* End PBXProject section */

/* Begin PBXResourcesBuildPhase section */
		18A3B7742B67C6C900BEC7F5 /* Resources */ = {
			isa = PBXResourcesBuildPhase;
			buildActionMask = 2147483647;
			files = (
				18A3B7892B67C6CB00BEC7F5 /* LaunchScreen.storyboard in Resources */,
				18A3B7862B67C6CB00BEC7F5 /* Assets.xcassets in Resources */,
				18A3B7842B67C6C900BEC7F5 /* Main.storyboard in Resources */,
			);
			runOnlyForDeploymentPostprocessing = 0;
		};
		18A3B78F2B67C6CC00BEC7F5 /* Resources */ = {
			isa = PBXResourcesBuildPhase;
			buildActionMask = 2147483647;
			files = (
			);
			runOnlyForDeploymentPostprocessing = 0;
		};
		18A3B7992B67C6CC00BEC7F5 /* Resources */ = {
			isa = PBXResourcesBuildPhase;
			buildActionMask = 2147483647;
			files = (
			);
			runOnlyForDeploymentPostprocessing = 0;
		};
/* End PBXResourcesBuildPhase section */

/* Begin PBXSourcesBuildPhase section */
		18A3B7722B67C6C900BEC7F5 /* Sources */ = {
			isa = PBXSourcesBuildPhase;
			buildActionMask = 2147483647;
			files = (
				18A3B7812B67C6C900BEC7F5 /* ViewController.m in Sources */,
				18A3B77B2B67C6C900BEC7F5 /* AppDelegate.m in Sources */,
				18A3B78C2B67C6CB00BEC7F5 /* main.m in Sources */,
				18A3B77E2B67C6C900BEC7F5 /* SceneDelegate.m in Sources */,
			);
			runOnlyForDeploymentPostprocessing = 0;
		};
		18A3B78D2B67C6CC00BEC7F5 /* Sources */ = {
			isa = PBXSourcesBuildPhase;
			buildActionMask = 2147483647;
			files = (
				18A3B7962B67C6CC00BEC7F5 /* JiangTestTests.m in Sources */,
			);
			runOnlyForDeploymentPostprocessing = 0;
		};
		18A3B7972B67C6CC00BEC7F5 /* Sources */ = {
			isa = PBXSourcesBuildPhase;
			buildActionMask = 2147483647;
			files = (
				18A3B7A22B67C6CC00BEC7F5 /* JiangTestUITestsLaunchTests.m in Sources */,
				18A3B7A02B67C6CC00BEC7F5 /* JiangTestUITests.m in Sources */,
			);
			runOnlyForDeploymentPostprocessing = 0;
		};
/* End PBXSourcesBuildPhase section */

/* Begin PBXTargetDependency section */
		18A3B7932B67C6CC00BEC7F5 /* PBXTargetDependency */ = {
			isa = PBXTargetDependency;
			target = 18A3B7752B67C6C900BEC7F5 /* JiangTest */;
			targetProxy = 18A3B7922B67C6CC00BEC7F5 /* PBXContainerItemProxy */;
		};
		18A3B79D2B67C6CC00BEC7F5 /* PBXTargetDependency */ = {
			isa = PBXTargetDependency;
			target = 18A3B7752B67C6C900BEC7F5 /* JiangTest */;
			targetProxy = 18A3B79C2B67C6CC00BEC7F5 /* PBXContainerItemProxy */;
		};
/* End PBXTargetDependency section */

/* Begin PBXVariantGroup section */
		18A3B7822B67C6C900BEC7F5 /* Main.storyboard */ = {
			isa = PBXVariantGroup;
			children = (
				18A3B7832B67C6C900BEC7F5 /* Base */,
			);
			name = Main.storyboard;
			sourceTree = "<group>";
		};
		18A3B7872B67C6CB00BEC7F5 /* LaunchScreen.storyboard */ = {
			isa = PBXVariantGroup;
			children = (
				18A3B7882B67C6CB00BEC7F5 /* Base */,
			);
			name = LaunchScreen.storyboard;
			sourceTree = "<group>";
		};
/* End PBXVariantGroup section */

/* Begin XCBuildConfiguration section */
		18A3B7A32B67C6CC00BEC7F5 /* Debug */ = {
			isa = XCBuildConfiguration;
			buildSettings = {
				ALWAYS_SEARCH_USER_PATHS = NO;
				ASSETCATALOG_COMPILER_GENERATE_SWIFT_ASSET_SYMBOL_EXTENSIONS = YES;
				CLANG_ANALYZER_NONNULL = YES;
				CLANG_ANALYZER_NUMBER_OBJECT_CONVERSION = YES_AGGRESSIVE;
				CLANG_CXX_LANGUAGE_STANDARD = "gnu++20";
				CLANG_ENABLE_MODULES = YES;
				CLANG_ENABLE_OBJC_ARC = YES;
				CLANG_ENABLE_OBJC_WEAK = YES;
				CLANG_WARN_BLOCK_CAPTURE_AUTORELEASING = YES;
				CLANG_WARN_BOOL_CONVERSION = YES;
				CLANG_WARN_COMMA = YES;
				CLANG_WARN_CONSTANT_CONVERSION = YES;
				CLANG_WARN_DEPRECATED_OBJC_IMPLEMENTATIONS = YES;
				CLANG_WARN_DIRECT_OBJC_ISA_USAGE = YES_ERROR;
				CLANG_WARN_DOCUMENTATION_COMMENTS = YES;
				CLANG_WARN_EMPTY_BODY = YES;
				CLANG_WARN_ENUM_CONVERSION = YES;
				CLANG_WARN_INFINITE_RECURSION = YES;
				CLANG_WARN_INT_CONVERSION = YES;
				CLANG_WARN_NON_LITERAL_NULL_CONVERSION = YES;
				CLANG_WARN_OBJC_IMPLICIT_RETAIN_SELF = YES;
				CLANG_WARN_OBJC_LITERAL_CONVERSION = YES;
				CLANG_WARN_OBJC_ROOT_CLASS = YES_ERROR;
				CLANG_WARN_QUOTED_INCLUDE_IN_FRAMEWORK_HEADER = YES;
				CLANG_WARN_RANGE_LOOP_ANALYSIS = YES;
				CLANG_WARN_STRICT_PROTOTYPES = YES;
				CLANG_WARN_SUSPICIOUS_MOVE = YES;
				CLANG_WARN_UNGUARDED_AVAILABILITY = YES_AGGRESSIVE;
				CLANG_WARN_UNREACHABLE_CODE = YES;
				CLANG_WARN__DUPLICATE_METHOD_MATCH = YES;
				COPY_PHASE_STRIP = NO;
				DEBUG_INFORMATION_FORMAT = dwarf;
				ENABLE_STRICT_OBJC_MSGSEND = YES;
				ENABLE_TESTABILITY = YES;
				ENABLE_USER_SCRIPT_SANDBOXING = YES;
				GCC_C_LANGUAGE_STANDARD = gnu17;
				GCC_DYNAMIC_NO_PIC = NO;
				GCC_NO_COMMON_BLOCKS = YES;
				GCC_OPTIMIZATION_LEVEL = 0;
				GCC_PREPROCESSOR_DEFINITIONS = (
					"DEBUG=1",
					"$(inherited)",
				);
				GCC_WARN_64_TO_32_BIT_CONVERSION = YES;
				GCC_WARN_ABOUT_RETURN_TYPE = YES_ERROR;
				GCC_WARN_UNDECLARED_SELECTOR = YES;
				GCC_WARN_UNINITIALIZED_AUTOS = YES_AGGRESSIVE;
				GCC_WARN_UNUSED_FUNCTION = YES;
				GCC_WARN_UNUSED_VARIABLE = YES;
				IPHONEOS_DEPLOYMENT_TARGET = 17.2;
				LOCALIZATION_PREFERS_STRING_CATALOGS = YES;
				MTL_ENABLE_DEBUG_INFO = INCLUDE_SOURCE;
				MTL_FAST_MATH = YES;
				ONLY_ACTIVE_ARCH = YES;
				SDKROOT = iphoneos;
			};
			name = Debug;
		};
		18A3B7A42B67C6CC00BEC7F5 /* Release */ = {
			isa = XCBuildConfiguration;
			buildSettings = {
				ALWAYS_SEARCH_USER_PATHS = NO;
				ASSETCATALOG_COMPILER_GENERATE_SWIFT_ASSET_SYMBOL_EXTENSIONS = YES;
				CLANG_ANALYZER_NONNULL = YES;
				CLANG_ANALYZER_NUMBER_OBJECT_CONVERSION = YES_AGGRESSIVE;
				CLANG_CXX_LANGUAGE_STANDARD = "gnu++20";
				CLANG_ENABLE_MODULES = YES;
				CLANG_ENABLE_OBJC_ARC = YES;
				CLANG_ENABLE_OBJC_WEAK = YES;
				CLANG_WARN_BLOCK_CAPTURE_AUTORELEASING = YES;
				CLANG_WARN_BOOL_CONVERSION = YES;
				CLANG_WARN_COMMA = YES;
				CLANG_WARN_CONSTANT_CONVERSION = YES;
				CLANG_WARN_DEPRECATED_OBJC_IMPLEMENTATIONS = YES;
				CLANG_WARN_DIRECT_OBJC_ISA_USAGE = YES_ERROR;
				CLANG_WARN_DOCUMENTATION_COMMENTS = YES;
				CLANG_WARN_EMPTY_BODY = YES;
				CLANG_WARN_ENUM_CONVERSION = YES;
				CLANG_WARN_INFINITE_RECURSION = YES;
				CLANG_WARN_INT_CONVERSION = YES;
				CLANG_WARN_NON_LITERAL_NULL_CONVERSION = YES;
				CLANG_WARN_OBJC_IMPLICIT_RETAIN_SELF = YES;
				CLANG_WARN_OBJC_LITERAL_CONVERSION = YES;
				CLANG_WARN_OBJC_ROOT_CLASS = YES_ERROR;
				CLANG_WARN_QUOTED_INCLUDE_IN_FRAMEWORK_HEADER = YES;
				CLANG_WARN_RANGE_LOOP_ANALYSIS = YES;
				CLANG_WARN_STRICT_PROTOTYPES = YES;
				CLANG_WARN_SUSPICIOUS_MOVE = YES;
				CLANG_WARN_UNGUARDED_AVAILABILITY = YES_AGGRESSIVE;
				CLANG_WARN_UNREACHABLE_CODE = YES;
				CLANG_WARN__DUPLICATE_METHOD_MATCH = YES;
				COPY_PHASE_STRIP = NO;
				DEBUG_INFORMATION_FORMAT = "dwarf-with-dsym";
				ENABLE_NS_ASSERTIONS = NO;
				ENABLE_STRICT_OBJC_MSGSEND = YES;
				ENABLE_USER_SCRIPT_SANDBOXING = YES;
				GCC_C_LANGUAGE_STANDARD = gnu17;
				GCC_NO_COMMON_BLOCKS = YES;
				GCC_WARN_64_TO_32_BIT_CONVERSION = YES;
				GCC_WARN_ABOUT_RETURN_TYPE = YES_ERROR;
				GCC_WARN_UNDECLARED_SELECTOR = YES;
				GCC_WARN_UNINITIALIZED_AUTOS = YES_AGGRESSIVE;
				GCC_WARN_UNUSED_FUNCTION = YES;
				GCC_WARN_UNUSED_VARIABLE = YES;
				IPHONEOS_DEPLOYMENT_TARGET = 17.2;
				LOCALIZATION_PREFERS_STRING_CATALOGS = YES;
				MTL_ENABLE_DEBUG_INFO = NO;
				MTL_FAST_MATH = YES;
				SDKROOT = iphoneos;
				VALIDATE_PRODUCT = YES;
			};
			name = Release;
		};
		18A3B7A62B67C6CC00BEC7F5 /* Debug */ = {
			isa = XCBuildConfiguration;
			buildSettings = {
				ASSETCATALOG_COMPILER_APPICON_NAME = AppIcon;
				ASSETCATALOG_COMPILER_GLOBAL_ACCENT_COLOR_NAME = AccentColor;
				CODE_SIGN_STYLE = Automatic;
				CURRENT_PROJECT_VERSION = 1;
				GENERATE_INFOPLIST_FILE = YES;
				INFOPLIST_FILE = JiangTest/Info.plist;
				INFOPLIST_KEY_UIApplicationSupportsIndirectInputEvents = YES;
				INFOPLIST_KEY_UILaunchStoryboardName = LaunchScreen;
				INFOPLIST_KEY_UIMainStoryboardFile = Main;
				INFOPLIST_KEY_UISupportedInterfaceOrientations_iPad = "UIInterfaceOrientationPortrait UIInterfaceOrientationPortraitUpsideDown UIInterfaceOrientationLandscapeLeft UIInterfaceOrientationLandscapeRight";
				INFOPLIST_KEY_UISupportedInterfaceOrientations_iPhone = "UIInterfaceOrientationPortrait UIInterfaceOrientationLandscapeLeft UIInterfaceOrientationLandscapeRight";
				LD_RUNPATH_SEARCH_PATHS = (
					"$(inherited)",
					"@executable_path/Frameworks",
				);
				MARKETING_VERSION = 1.0;
				PRODUCT_BUNDLE_IDENTIFIER = com.yusys.JiangTest;
				PRODUCT_NAME = "$(TARGET_NAME)";
				SWIFT_EMIT_LOC_STRINGS = YES;
				TARGETED_DEVICE_FAMILY = "1,2";
			};
			name = Debug;
		};
		18A3B7A72B67C6CC00BEC7F5 /* Release */ = {
			isa = XCBuildConfiguration;
			buildSettings = {
				ASSETCATALOG_COMPILER_APPICON_NAME = AppIcon;
				ASSETCATALOG_COMPILER_GLOBAL_ACCENT_COLOR_NAME = AccentColor;
				CODE_SIGN_STYLE = Automatic;
				CURRENT_PROJECT_VERSION = 1;
				GENERATE_INFOPLIST_FILE = YES;
				INFOPLIST_FILE = JiangTest/Info.plist;
				INFOPLIST_KEY_UIApplicationSupportsIndirectInputEvents = YES;
				INFOPLIST_KEY_UILaunchStoryboardName = LaunchScreen;
				INFOPLIST_KEY_UIMainStoryboardFile = Main;
				INFOPLIST_KEY_UISupportedInterfaceOrientations_iPad = "UIInterfaceOrientationPortrait UIInterfaceOrientationPortraitUpsideDown UIInterfaceOrientationLandscapeLeft UIInterfaceOrientationLandscapeRight";
				INFOPLIST_KEY_UISupportedInterfaceOrientations_iPhone = "UIInterfaceOrientationPortrait UIInterfaceOrientationLandscapeLeft UIInterfaceOrientationLandscapeRight";
				LD_RUNPATH_SEARCH_PATHS = (
					"$(inherited)",
					"@executable_path/Frameworks",
				);
				MARKETING_VERSION = 1.0;
				PRODUCT_BUNDLE_IDENTIFIER = com.yusys.JiangTest;
				PRODUCT_NAME = "$(TARGET_NAME)";
				SWIFT_EMIT_LOC_STRINGS = YES;
				TARGETED_DEVICE_FAMILY = "1,2";
			};
			name = Release;
		};
		18A3B7A92B67C6CC00BEC7F5 /* Debug */ = {
			isa = XCBuildConfiguration;
			buildSettings = {
				BUNDLE_LOADER = "$(TEST_HOST)";
				CODE_SIGN_STYLE = Automatic;
				CURRENT_PROJECT_VERSION = 1;
				GENERATE_INFOPLIST_FILE = YES;
				IPHONEOS_DEPLOYMENT_TARGET = 17.2;
				MARKETING_VERSION = 1.0;
				PRODUCT_BUNDLE_IDENTIFIER = com.yusys.JiangTestTests;
				PRODUCT_NAME = "$(TARGET_NAME)";
				SWIFT_EMIT_LOC_STRINGS = NO;
				TARGETED_DEVICE_FAMILY = "1,2";
				TEST_HOST = "$(BUILT_PRODUCTS_DIR)/JiangTest.app/$(BUNDLE_EXECUTABLE_FOLDER_PATH)/JiangTest";
			};
			name = Debug;
		};
		18A3B7AA2B67C6CC00BEC7F5 /* Release */ = {
			isa = XCBuildConfiguration;
			buildSettings = {
				BUNDLE_LOADER = "$(TEST_HOST)";
				CODE_SIGN_STYLE = Automatic;
				CURRENT_PROJECT_VERSION = 1;
				GENERATE_INFOPLIST_FILE = YES;
				IPHONEOS_DEPLOYMENT_TARGET = 17.2;
				MARKETING_VERSION = 1.0;
				PRODUCT_BUNDLE_IDENTIFIER = com.yusys.JiangTestTests;
				PRODUCT_NAME = "$(TARGET_NAME)";
				SWIFT_EMIT_LOC_STRINGS = NO;
				TARGETED_DEVICE_FAMILY = "1,2";
				TEST_HOST = "$(BUILT_PRODUCTS_DIR)/JiangTest.app/$(BUNDLE_EXECUTABLE_FOLDER_PATH)/JiangTest";
			};
			name = Release;
		};
		18A3B7AC2B67C6CC00BEC7F5 /* Debug */ = {
			isa = XCBuildConfiguration;
			buildSettings = {
				CODE_SIGN_STYLE = Automatic;
				CURRENT_PROJECT_VERSION = 1;
				GENERATE_INFOPLIST_FILE = YES;
				MARKETING_VERSION = 1.0;
				PRODUCT_BUNDLE_IDENTIFIER = com.yusys.JiangTestUITests;
				PRODUCT_NAME = "$(TARGET_NAME)";
				SWIFT_EMIT_LOC_STRINGS = NO;
				TARGETED_DEVICE_FAMILY = "1,2";
				TEST_TARGET_NAME = JiangTest;
			};
			name = Debug;
		};
		18A3B7AD2B67C6CC00BEC7F5 /* Release */ = {
			isa = XCBuildConfiguration;
			buildSettings = {
				CODE_SIGN_STYLE = Automatic;
				CURRENT_PROJECT_VERSION = 1;
				GENERATE_INFOPLIST_FILE = YES;
				MARKETING_VERSION = 1.0;
				PRODUCT_BUNDLE_IDENTIFIER = com.yusys.JiangTestUITests;
				PRODUCT_NAME = "$(TARGET_NAME)";
				SWIFT_EMIT_LOC_STRINGS = NO;
				TARGETED_DEVICE_FAMILY = "1,2";
				TEST_TARGET_NAME = JiangTest;
			};
			name = Release;
		};
/* End XCBuildConfiguration section */

/* Begin XCConfigurationList section */
		18A3B7712B67C6C900BEC7F5 /* Build configuration list for PBXProject "JiangTest" */ = {
			isa = XCConfigurationList;
			buildConfigurations = (
				18A3B7A32B67C6CC00BEC7F5 /* Debug */,
				18A3B7A42B67C6CC00BEC7F5 /* Release */,
			);
			defaultConfigurationIsVisible = 0;
			defaultConfigurationName = Release;
		};
		18A3B7A52B67C6CC00BEC7F5 /* Build configuration list for PBXNativeTarget "JiangTest" */ = {
			isa = XCConfigurationList;
			buildConfigurations = (
				18A3B7A62B67C6CC00BEC7F5 /* Debug */,
				18A3B7A72B67C6CC00BEC7F5 /* Release */,
			);
			defaultConfigurationIsVisible = 0;
			defaultConfigurationName = Release;
		};
		18A3B7A82B67C6CC00BEC7F5 /* Build configuration list for PBXNativeTarget "JiangTestTests" */ = {
			isa = XCConfigurationList;
			buildConfigurations = (
				18A3B7A92B67C6CC00BEC7F5 /* Debug */,
				18A3B7AA2B67C6CC00BEC7F5 /* Release */,
			);
			defaultConfigurationIsVisible = 0;
			defaultConfigurationName = Release;
		};
		18A3B7AB2B67C6CC00BEC7F5 /* Build configuration list for PBXNativeTarget "JiangTestUITests" */ = {
			isa = XCConfigurationList;
			buildConfigurations = (
				18A3B7AC2B67C6CC00BEC7F5 /* Debug */,
				18A3B7AD2B67C6CC00BEC7F5 /* Release */,
			);
			defaultConfigurationIsVisible = 0;
			defaultConfigurationName = Release;
		};
/* End XCConfigurationList section */
	};
	rootObject = 18A3B76E2B67C6C900BEC7F5 /* Project object */;
}
